
Microsoft Visual Studio Solution File, Format Version 12.00
# Visual Studio Version 16
VisualStudioVersion = 16.6.30114.105
MinimumVisualStudioVersion = 10.0.40219.1
Project("{FAE04EC0-301F-11D3-BF4B-00C04F79EFBC}") = "C4", "C4\C4.csproj", "{FBA5E271-F633-4AD5-88CC-56E1565519DE}"
EndProject
Project("{FAE04EC0-301F-11D3-BF4B-00C04F79EFBC}") = "C4.Tests", "C4.Tests\C4.Tests.csproj", "{D2C07EAF-5C5F-4214-84C9-F7C5810B30D8}"
EndProject
Project("{FAE04EC0-301F-11D3-BF4B-00C04F79EFBC}") = "TestCommon", "..\TestCommon\TestCommon.csproj", "{DDA5052E-BD9D-4DC1-A2C4-5CE2455767C5}"
EndProject
Global
	GlobalSection(SolutionConfigurationPlatforms) = preSolution
		Debug|Any CPU = Debug|Any CPU
		Debug|x64 = Debug|x64
		Debug|x86 = Debug|x86
		Release|Any CPU = Release|Any CPU
		Release|x64 = Release|x64
		Release|x86 = Release|x86
	EndGlobalSection
	GlobalSection(SolutionProperties) = preSolution
		HideSolutionNode = FALSE
	EndGlobalSection
	GlobalSection(ProjectConfigurationPlatforms) = postSolution
		{FBA5E271-F633-4AD5-88CC-56E1565519DE}.Debug|Any CPU.ActiveCfg = Debug|Any CPU
		{FBA5E271-F633-4AD5-88CC-56E1565519DE}.Debug|Any CPU.Build.0 = Debug|Any CPU
		{FBA5E271-F633-4AD5-88CC-56E1565519DE}.Debug|x64.ActiveCfg = Debug|Any CPU
		{FBA5E271-F633-4AD5-88CC-56E1565519DE}.Debug|x64.Build.0 = Debug|Any CPU
		{FBA5E271-F633-4AD5-88CC-56E1565519DE}.Debug|x86.ActiveCfg = Debug|Any CPU
		{FBA5E271-F633-4AD5-88CC-56E1565519DE}.Debug|x86.Build.0 = Debug|Any CPU
		{FBA5E271-F633-4AD5-88CC-56E1565519DE}.Release|Any CPU.ActiveCfg = Release|Any CPU
		{FBA5E271-F633-4AD5-88CC-56E1565519DE}.Release|Any CPU.Build.0 = Release|Any CPU
		{FBA5E271-F633-4AD5-88CC-56E1565519DE}.Release|x64.ActiveCfg = Release|Any CPU
		{FBA5E271-F633-4AD5-88CC-56E1565519DE}.Release|x64.Build.0 = Release|Any CPU
		{FBA5E271-F633-4AD5-88CC-56E1565519DE}.Release|x86.ActiveCfg = Release|Any CPU
		{FBA5E271-F633-4AD5-88CC-56E1565519DE}.Release|x86.Build.0 = Release|Any CPU
		{D2C07EAF-5C5F-4214-84C9-F7C5810B30D8}.Debug|Any CPU.ActiveCfg = Debug|Any CPU
		{D2C07EAF-5C5F-4214-84C9-F7C5810B30D8}.Debug|Any CPU.Build.0 = Debug|Any CPU
		{D2C07EAF-5C5F-4214-84C9-F7C5810B30D8}.Debug|x64.ActiveCfg = Debug|Any CPU
		{D2C07EAF-5C5F-4214-84C9-F7C5810B30D8}.Debug|x64.Build.0 = Debug|Any CPU
		{D2C07EAF-5C5F-4214-84C9-F7C5810B30D8}.Debug|x86.ActiveCfg = Debug|Any CPU
		{D2C07EAF-5C5F-4214-84C9-F7C5810B30D8}.Debug|x86.Build.0 = Debug|Any CPU
		{D2C07EAF-5C5F-4214-84C9-F7C5810B30D8}.Release|Any CPU.ActiveCfg = Release|Any CPU
		{D2C07EAF-5C5F-4214-84C9-F7C5810B30D8}.Release|Any CPU.Build.0 = Release|Any CPU
		{D2C07EAF-5C5F-4214-84C9-F7C5810B30D8}.Release|x64.ActiveCfg = Release|Any CPU
		{D2C07EAF-5C5F-4214-84C9-F7C5810B30D8}.Release|x64.Build.0 = Release|Any CPU
		{D2C07EAF-5C5F-4214-84C9-F7C5810B30D8}.Release|x86.ActiveCfg = Release|Any CPU
		{D2C07EAF-5C5F-4214-84C9-F7C5810B30D8}.Release|x86.Build.0 = Release|Any CPU
		{DDA5052E-BD9D-4DC1-A2C4-5CE2455767C5}.Debug|Any CPU.ActiveCfg = Debug|Any CPU
		{DDA5052E-BD9D-4DC1-A2C4-5CE2455767C5}.Debug|Any CPU.Build.0 = Debug|Any CPU
		{DDA5052E-BD9D-4DC1-A2C4-5CE2455767C5}.Debug|x64.ActiveCfg = Debug|Any CPU
		{DDA5052E-BD9D-4DC1-A2C4-5CE2455767C5}.Debug|x64.Build.0 = Debug|Any CPU
		{DDA5052E-BD9D-4DC1-A2C4-5CE2455767C5}.Debug|x86.ActiveCfg = Debug|Any CPU
		{DDA5052E-BD9D-4DC1-A2C4-5CE2455767C5}.Debug|x86.Build.0 = Debug|Any CPU
		{DDA5052E-BD9D-4DC1-A2C4-5CE2455767C5}.Release|Any CPU.ActiveCfg = Release|Any CPU
		{DDA5052E-BD9D-4DC1-A2C4-5CE2455767C5}.Release|Any CPU.Build.0 = Release|Any CPU
		{DDA5052E-BD9D-4DC1-A2C4-5CE2455767C5}.Release|x64.ActiveCfg = Release|Any CPU
		{DDA5052E-BD9D-4DC1-A2C4-5CE2455767C5}.Release|x64.Build.0 = Release|Any CPU
		{DDA5052E-BD9D-4DC1-A2C4-5CE2455767C5}.Release|x86.ActiveCfg = Release|Any CPU
		{DDA5052E-BD9D-4DC1-A2C4-5CE2455767C5}.Release|x86.Build.0 = Release|Any CPU
	EndGlobalSection
EndGlobal
